
Microsoft Visual Studio Solution File, Format Version 12.00
# Visual Studio 14
VisualStudioVersion = 14.0.24720.0
MinimumVisualStudioVersion = 10.0.40219.1
Project("{F184B08F-C81C-45F6-A57F-5ABD9991F28F}") = "64Filmmaker", "Super Mario 64 Filmmaker\64Filmmaker.vbproj", "{DE7C7E67-2A31-49F1-8983-A418DDC063B4}"
EndProject
Global
	GlobalSection(SolutionConfigurationPlatforms) = preSolution
		Debug|Any CPU = Debug|Any CPU
		Debug|ARM = Debug|ARM
		Debug|x64 = Debug|x64
		Debug|x86 = Debug|x86
		Release|Any CPU = Release|Any CPU
		Release|ARM = Release|ARM
		Release|x64 = Release|x64
		Release|x86 = Release|x86
	EndGlobalSection
	GlobalSection(ProjectConfigurationPlatforms) = postSolution
		{DE7C7E67-2A31-49F1-8983-A418DDC063B4}.Debug|Any CPU.ActiveCfg = Debug|Any CPU
		{DE7C7E67-2A31-49F1-8983-A418DDC063B4}.Debug|Any CPU.Build.0 = Debug|Any CPU
		{DE7C7E67-2A31-49F1-8983-A418DDC063B4}.Debug|ARM.ActiveCfg = Debug|Any CPU
		{DE7C7E67-2A31-49F1-8983-A418DDC063B4}.Debug|x64.ActiveCfg = Debug|Any CPU
		{DE7C7E67-2A31-49F1-8983-A418DDC063B4}.Debug|x86.ActiveCfg = Debug|Any CPU
		{DE7C7E67-2A31-49F1-8983-A418DDC063B4}.Release|Any CPU.ActiveCfg = Release|Any CPU
		{DE7C7E67-2A31-49F1-8983-A418DDC063B4}.Release|Any CPU.Build.0 = Release|Any CPU
		{DE7C7E67-2A31-49F1-8983-A418DDC063B4}.Release|ARM.ActiveCfg = Release|Any CPU
		{DE7C7E67-2A31-49F1-8983-A418DDC063B4}.Release|x64.ActiveCfg = Release|Any CPU
		{DE7C7E67-2A31-49F1-8983-A418DDC063B4}.Release|x86.ActiveCfg = Release|Any CPU
	EndGlobalSection
	GlobalSection(SolutionProperties) = preSolution
		HideSolutionNode = FALSE
	EndGlobalSection
EndGlobal
